// !$*UTF8*$!
{
	archiveVersion = 1;
	classes = {
	};
	objectVersion = 50;
	objects = {

/* Begin PBXBuildFile section */
		4329E5A2212B36A400DF29AC /* AppDelegate.swift in Sources */ = {isa = PBXBuildFile; fileRef = 4329E5A1212B36A400DF29AC /* AppDelegate.swift */; };
		4329E5A7212B36A400DF29AC /* Main.storyboard in Resources */ = {isa = PBXBuildFile; fileRef = 4329E5A5212B36A400DF29AC /* Main.storyboard */; };
		4329E5AC212B36A600DF29AC /* LaunchScreen.storyboard in Resources */ = {isa = PBXBuildFile; fileRef = 4329E5AA212B36A600DF29AC /* LaunchScreen.storyboard */; };
		4329E5B7212B36A600DF29AC /* MandalaTests.swift in Sources */ = {isa = PBXBuildFile; fileRef = 4329E5B6212B36A600DF29AC /* MandalaTests.swift */; };
		4329E5C2212B36A600DF29AC /* MandalaUITests.swift in Sources */ = {isa = PBXBuildFile; fileRef = 4329E5C1212B36A600DF29AC /* MandalaUITests.swift */; };
		4329E5D0212B36E600DF29AC /* Mood.swift in Sources */ = {isa = PBXBuildFile; fileRef = 4329E5CF212B36E600DF29AC /* Mood.swift */; };
		4329E5D2212B396A00DF29AC /* MoodEntry.swift in Sources */ = {isa = PBXBuildFile; fileRef = 4329E5D1212B396A00DF29AC /* MoodEntry.swift */; };
		4329E5D4212B3B3800DF29AC /* Assets.xcassets in Resources */ = {isa = PBXBuildFile; fileRef = 4329E5D3212B3B3800DF29AC /* Assets.xcassets */; };
		4329E5D6212B3C7A00DF29AC /* UIColor+Extension.swift in Sources */ = {isa = PBXBuildFile; fileRef = 4329E5D5212B3C7A00DF29AC /* UIColor+Extension.swift */; };
		4329E5D8212B3E1100DF29AC /* UIImage+Extension.swift in Sources */ = {isa = PBXBuildFile; fileRef = 4329E5D7212B3E1100DF29AC /* UIImage+Extension.swift */; };
		4329E5DA212B569900DF29AC /* MoodSelectionViewController.swift in Sources */ = {isa = PBXBuildFile; fileRef = 4329E5D9212B569900DF29AC /* MoodSelectionViewController.swift */; };
		4329E5DC212B62AB00DF29AC /* MoodListViewController.swift in Sources */ = {isa = PBXBuildFile; fileRef = 4329E5DB212B62AB00DF29AC /* MoodListViewController.swift */; };
		43975E5A212DEA4D00F25F69 /* MoodsConfigurable.swift in Sources */ = {isa = PBXBuildFile; fileRef = 43975E59212DEA4D00F25F69 /* MoodsConfigurable.swift */; };
		43975E5C2130907800F25F69 /* ImageSelector.swift in Sources */ = {isa = PBXBuildFile; fileRef = 43975E5B2130907800F25F69 /* ImageSelector.swift */; };
/* End PBXBuildFile section */

/* Begin PBXContainerItemProxy section */
		4329E5B3212B36A600DF29AC /* PBXContainerItemProxy */ = {
			isa = PBXContainerItemProxy;
			containerPortal = 4329E596212B36A400DF29AC /* Project object */;
			proxyType = 1;
			remoteGlobalIDString = 4329E59D212B36A400DF29AC;
			remoteInfo = Mandala;
		};
		4329E5BE212B36A600DF29AC /* PBXContainerItemProxy */ = {
			isa = PBXContainerItemProxy;
			containerPortal = 4329E596212B36A400DF29AC /* Project object */;
			proxyType = 1;
			remoteGlobalIDString = 4329E59D212B36A400DF29AC;
			remoteInfo = Mandala;
		};
/* End PBXContainerItemProxy section */

/* Begin PBXFileReference section */
		4329E59E212B36A400DF29AC /* Mandala.app */ = {isa = PBXFileReference; explicitFileType = wrapper.application; includeInIndex = 0; path = Mandala.app; sourceTree = BUILT_PRODUCTS_DIR; };
		4329E5A1212B36A400DF29AC /* AppDelegate.swift */ = {isa = PBXFileReference; lastKnownFileType = sourcecode.swift; path = AppDelegate.swift; sourceTree = "<group>"; };
		4329E5A6212B36A400DF29AC /* Base */ = {isa = PBXFileReference; lastKnownFileType = file.storyboard; name = Base; path = Base.lproj/Main.storyboard; sourceTree = "<group>"; };
		4329E5AB212B36A600DF29AC /* Base */ = {isa = PBXFileReference; lastKnownFileType = file.storyboard; name = Base; path = Base.lproj/LaunchScreen.storyboard; sourceTree = "<group>"; };
		4329E5AD212B36A600DF29AC /* Info.plist */ = {isa = PBXFileReference; lastKnownFileType = text.plist.xml; path = Info.plist; sourceTree = "<group>"; };
		4329E5B2212B36A600DF29AC /* MandalaTests.xctest */ = {isa = PBXFileReference; explicitFileType = wrapper.cfbundle; includeInIndex = 0; path = MandalaTests.xctest; sourceTree = BUILT_PRODUCTS_DIR; };
		4329E5B6212B36A600DF29AC /* MandalaTests.swift */ = {isa = PBXFileReference; lastKnownFileType = sourcecode.swift; path = MandalaTests.swift; sourceTree = "<group>"; };
		4329E5B8212B36A600DF29AC /* Info.plist */ = {isa = PBXFileReference; lastKnownFileType = text.plist.xml; path = Info.plist; sourceTree = "<group>"; };
		4329E5BD212B36A600DF29AC /* MandalaUITests.xctest */ = {isa = PBXFileReference; explicitFileType = wrapper.cfbundle; includeInIndex = 0; path = MandalaUITests.xctest; sourceTree = BUILT_PRODUCTS_DIR; };
		4329E5C1212B36A600DF29AC /* MandalaUITests.swift */ = {isa = PBXFileReference; lastKnownFileType = sourcecode.swift; path = MandalaUITests.swift; sourceTree = "<group>"; };
		4329E5C3212B36A600DF29AC /* Info.plist */ = {isa = PBXFileReference; lastKnownFileType = text.plist.xml; path = Info.plist; sourceTree = "<group>"; };
		4329E5CF212B36E600DF29AC /* Mood.swift */ = {isa = PBXFileReference; lastKnownFileType = sourcecode.swift; path = Mood.swift; sourceTree = "<group>"; };
		4329E5D1212B396A00DF29AC /* MoodEntry.swift */ = {isa = PBXFileReference; lastKnownFileType = sourcecode.swift; path = MoodEntry.swift; sourceTree = "<group>"; };
		4329E5D3212B3B3800DF29AC /* Assets.xcassets */ = {isa = PBXFileReference; lastKnownFileType = folder.assetcatalog; path = Assets.xcassets; sourceTree = "<group>"; };
		4329E5D5212B3C7A00DF29AC /* UIColor+Extension.swift */ = {isa = PBXFileReference; lastKnownFileType = sourcecode.swift; path = "UIColor+Extension.swift"; sourceTree = "<group>"; };
		4329E5D7212B3E1100DF29AC /* UIImage+Extension.swift */ = {isa = PBXFileReference; lastKnownFileType = sourcecode.swift; path = "UIImage+Extension.swift"; sourceTree = "<group>"; };
		4329E5D9212B569900DF29AC /* MoodSelectionViewController.swift */ = {isa = PBXFileReference; lastKnownFileType = sourcecode.swift; path = MoodSelectionViewController.swift; sourceTree = "<group>"; };
		4329E5DB212B62AB00DF29AC /* MoodListViewController.swift */ = {isa = PBXFileReference; lastKnownFileType = sourcecode.swift; path = MoodListViewController.swift; sourceTree = "<group>"; };
		43975E59212DEA4D00F25F69 /* MoodsConfigurable.swift */ = {isa = PBXFileReference; lastKnownFileType = sourcecode.swift; path = MoodsConfigurable.swift; sourceTree = "<group>"; };
		43975E5B2130907800F25F69 /* ImageSelector.swift */ = {isa = PBXFileReference; lastKnownFileType = sourcecode.swift; path = ImageSelector.swift; sourceTree = "<group>"; };
/* End PBXFileReference section */

/* Begin PBXFrameworksBuildPhase section */
		4329E59B212B36A400DF29AC /* Frameworks */ = {
			isa = PBXFrameworksBuildPhase;
			buildActionMask = 2147483647;
			files = (
			);
			runOnlyForDeploymentPostprocessing = 0;
		};
		4329E5AF212B36A600DF29AC /* Frameworks */ = {
			isa = PBXFrameworksBuildPhase;
			buildActionMask = 2147483647;
			files = (
			);
			runOnlyForDeploymentPostprocessing = 0;
		};
		4329E5BA212B36A600DF29AC /* Frameworks */ = {
			isa = PBXFrameworksBuildPhase;
			buildActionMask = 2147483647;
			files = (
			);
			runOnlyForDeploymentPostprocessing = 0;
		};
/* End PBXFrameworksBuildPhase section */

/* Begin PBXGroup section */
		4329E595212B36A400DF29AC = {
			isa = PBXGroup;
			children = (
				4329E5A0212B36A400DF29AC /* Mandala */,
				4329E5B5212B36A600DF29AC /* MandalaTests */,
				4329E5C0212B36A600DF29AC /* MandalaUITests */,
				4329E59F212B36A400DF29AC /* Products */,
			);
			sourceTree = "<group>";
		};
		4329E59F212B36A400DF29AC /* Products */ = {
			isa = PBXGroup;
			children = (
				4329E59E212B36A400DF29AC /* Mandala.app */,
				4329E5B2212B36A600DF29AC /* MandalaTests.xctest */,
				4329E5BD212B36A600DF29AC /* MandalaUITests.xctest */,
			);
			name = Products;
			sourceTree = "<group>";
		};
		4329E5A0212B36A400DF29AC /* Mandala */ = {
			isa = PBXGroup;
			children = (
				4329E5D3212B3B3800DF29AC /* Assets.xcassets */,
				4329E5D1212B396A00DF29AC /* MoodEntry.swift */,
				4329E5CF212B36E600DF29AC /* Mood.swift */,
				4329E5A1212B36A400DF29AC /* AppDelegate.swift */,
				4329E5A5212B36A400DF29AC /* Main.storyboard */,
				43975E59212DEA4D00F25F69 /* MoodsConfigurable.swift */,
				4329E5D9212B569900DF29AC /* MoodSelectionViewController.swift */,
				43975E5B2130907800F25F69 /* ImageSelector.swift */,
				4329E5AA212B36A600DF29AC /* LaunchScreen.storyboard */,
				4329E5AD212B36A600DF29AC /* Info.plist */,
				4329E5D5212B3C7A00DF29AC /* UIColor+Extension.swift */,
				4329E5D7212B3E1100DF29AC /* UIImage+Extension.swift */,
				4329E5DB212B62AB00DF29AC /* MoodListViewController.swift */,
			);
			path = Mandala;
			sourceTree = "<group>";
		};
		4329E5B5212B36A600DF29AC /* MandalaTests */ = {
			isa = PBXGroup;
			children = (
				4329E5B6212B36A600DF29AC /* MandalaTests.swift */,
				4329E5B8212B36A600DF29AC /* Info.plist */,
			);
			path = MandalaTests;
			sourceTree = "<group>";
		};
		4329E5C0212B36A600DF29AC /* MandalaUITests */ = {
			isa = PBXGroup;
			children = (
				4329E5C1212B36A600DF29AC /* MandalaUITests.swift */,
				4329E5C3212B36A600DF29AC /* Info.plist */,
			);
			path = MandalaUITests;
			sourceTree = "<group>";
		};
/* End PBXGroup section */

/* Begin PBXNativeTarget section */
		4329E59D212B36A400DF29AC /* Mandala */ = {
			isa = PBXNativeTarget;
			buildConfigurationList = 4329E5C6212B36A600DF29AC /* Build configuration list for PBXNativeTarget "Mandala" */;
			buildPhases = (
				4329E59A212B36A400DF29AC /* Sources */,
				4329E59B212B36A400DF29AC /* Frameworks */,
				4329E59C212B36A400DF29AC /* Resources */,
			);
			buildRules = (
			);
			dependencies = (
			);
			name = Mandala;
			productName = Mandala;
			productReference = 4329E59E212B36A400DF29AC /* Mandala.app */;
			productType = "com.apple.product-type.application";
		};
		4329E5B1212B36A600DF29AC /* MandalaTests */ = {
			isa = PBXNativeTarget;
			buildConfigurationList = 4329E5C9212B36A600DF29AC /* Build configuration list for PBXNativeTarget "MandalaTests" */;
			buildPhases = (
				4329E5AE212B36A600DF29AC /* Sources */,
				4329E5AF212B36A600DF29AC /* Frameworks */,
				4329E5B0212B36A600DF29AC /* Resources */,
			);
			buildRules = (
			);
			dependencies = (
				4329E5B4212B36A600DF29AC /* PBXTargetDependency */,
			);
			name = MandalaTests;
			productName = MandalaTests;
			productReference = 4329E5B2212B36A600DF29AC /* MandalaTests.xctest */;
			productType = "com.apple.product-type.bundle.unit-test";
		};
		4329E5BC212B36A600DF29AC /* MandalaUITests */ = {
			isa = PBXNativeTarget;
			buildConfigurationList = 4329E5CC212B36A600DF29AC /* Build configuration list for PBXNativeTarget "MandalaUITests" */;
			buildPhases = (
				4329E5B9212B36A600DF29AC /* Sources */,
				4329E5BA212B36A600DF29AC /* Frameworks */,
				4329E5BB212B36A600DF29AC /* Resources */,
			);
			buildRules = (
			);
			dependencies = (
				4329E5BF212B36A600DF29AC /* PBXTargetDependency */,
			);
			name = MandalaUITests;
			productName = MandalaUITests;
			productReference = 4329E5BD212B36A600DF29AC /* MandalaUITests.xctest */;
			productType = "com.apple.product-type.bundle.ui-testing";
		};
/* End PBXNativeTarget section */

/* Begin PBXProject section */
		4329E596212B36A400DF29AC /* Project object */ = {
			isa = PBXProject;
			attributes = {
				LastSwiftUpdateCheck = 1000;
				LastUpgradeCheck = 1000;
				ORGANIZATIONNAME = Dirk;
				TargetAttributes = {
					4329E59D212B36A400DF29AC = {
						CreatedOnToolsVersion = 10.0;
					};
					4329E5B1212B36A600DF29AC = {
						CreatedOnToolsVersion = 10.0;
						TestTargetID = 4329E59D212B36A400DF29AC;
					};
					4329E5BC212B36A600DF29AC = {
						CreatedOnToolsVersion = 10.0;
						TestTargetID = 4329E59D212B36A400DF29AC;
					};
				};
			};
			buildConfigurationList = 4329E599212B36A400DF29AC /* Build configuration list for PBXProject "Mandala" */;
			compatibilityVersion = "Xcode 9.3";
			developmentRegion = en;
			hasScannedForEncodings = 0;
			knownRegions = (
				en,
				Base,
			);
			mainGroup = 4329E595212B36A400DF29AC;
			productRefGroup = 4329E59F212B36A400DF29AC /* Products */;
			projectDirPath = "";
			projectRoot = "";
			targets = (
				4329E59D212B36A400DF29AC /* Mandala */,
				4329E5B1212B36A600DF29AC /* MandalaTests */,
				4329E5BC212B36A600DF29AC /* MandalaUITests */,
			);
		};
/* End PBXProject section */

/* Begin PBXResourcesBuildPhase section */
		4329E59C212B36A400DF29AC /* Resources */ = {
			isa = PBXResourcesBuildPhase;
			buildActionMask = 2147483647;
			files = (
				4329E5AC212B36A600DF29AC /* LaunchScreen.storyboard in Resources */,
				4329E5D4212B3B3800DF29AC /* Assets.xcassets in Resources */,
				4329E5A7212B36A400DF29AC /* Main.storyboard in Resources */,
			);
			runOnlyForDeploymentPostprocessing = 0;
		};
		4329E5B0212B36A600DF29AC /* Resources */ = {
			isa = PBXResourcesBuildPhase;
			buildActionMask = 2147483647;
			files = (
			);
			runOnlyForDeploymentPostprocessing = 0;
		};
		4329E5BB212B36A600DF29AC /* Resources */ = {
			isa = PBXResourcesBuildPhase;
			buildActionMask = 2147483647;
			files = (
			);
			runOnlyForDeploymentPostprocessing = 0;
		};
/* End PBXResourcesBuildPhase section */

/* Begin PBXSourcesBuildPhase section */
		4329E59A212B36A400DF29AC /* Sources */ = {
			isa = PBXSourcesBuildPhase;
			buildActionMask = 2147483647;
			files = (
				4329E5D0212B36E600DF29AC /* Mood.swift in Sources */,
				4329E5DC212B62AB00DF29AC /* MoodListViewController.swift in Sources */,
				4329E5A2212B36A400DF29AC /* AppDelegate.swift in Sources */,
				4329E5DA212B569900DF29AC /* MoodSelectionViewController.swift in Sources */,
				43975E5C2130907800F25F69 /* ImageSelector.swift in Sources */,
				4329E5D8212B3E1100DF29AC /* UIImage+Extension.swift in Sources */,
				43975E5A212DEA4D00F25F69 /* MoodsConfigurable.swift in Sources */,
				4329E5D2212B396A00DF29AC /* MoodEntry.swift in Sources */,
				4329E5D6212B3C7A00DF29AC /* UIColor+Extension.swift in Sources */,
			);
			runOnlyForDeploymentPostprocessing = 0;
		};
		4329E5AE212B36A600DF29AC /* Sources */ = {
			isa = PBXSourcesBuildPhase;
			buildActionMask = 2147483647;
			files = (
				4329E5B7212B36A600DF29AC /* MandalaTests.swift in Sources */,
			);
			runOnlyForDeploymentPostprocessing = 0;
		};
		4329E5B9212B36A600DF29AC /* Sources */ = {
			isa = PBXSourcesBuildPhase;
			buildActionMask = 2147483647;
			files = (
				4329E5C2212B36A600DF29AC /* MandalaUITests.swift in Sources */,
			);
			runOnlyForDeploymentPostprocessing = 0;
		};
/* End PBXSourcesBuildPhase section */

/* Begin PBXTargetDependency section */
		4329E5B4212B36A600DF29AC /* PBXTargetDependency */ = {
			isa = PBXTargetDependency;
			target = 4329E59D212B36A400DF29AC /* Mandala */;
			targetProxy = 4329E5B3212B36A600DF29AC /* PBXContainerItemProxy */;
		};
		4329E5BF212B36A600DF29AC /* PBXTargetDependency */ = {
			isa = PBXTargetDependency;
			target = 4329E59D212B36A400DF29AC /* Mandala */;
			targetProxy = 4329E5BE212B36A600DF29AC /* PBXContainerItemProxy */;
		};
/* End PBXTargetDependency section */

/* Begin PBXVariantGroup section */
		4329E5A5212B36A400DF29AC /* Main.storyboard */ = {
			isa = PBXVariantGroup;
			children = (
				4329E5A6212B36A400DF29AC /* Base */,
			);
			name = Main.storyboard;
			sourceTree = "<group>";
		};
		4329E5AA212B36A600DF29AC /* LaunchScreen.storyboard */ = {
			isa = PBXVariantGroup;
			children = (
				4329E5AB212B36A600DF29AC /* Base */,
			);
			name = LaunchScreen.storyboard;
			sourceTree = "<group>";
		};
/* End PBXVariantGroup section */

/* Begin XCBuildConfiguration section */
		4329E5C4212B36A600DF29AC /* Debug */ = {
			isa = XCBuildConfiguration;
			buildSettings = {
				ALWAYS_SEARCH_USER_PATHS = NO;
				CLANG_ANALYZER_NONNULL = YES;
				CLANG_ANALYZER_NUMBER_OBJECT_CONVERSION = YES_AGGRESSIVE;
				CLANG_CXX_LANGUAGE_STANDARD = "gnu++14";
				CLANG_CXX_LIBRARY = "libc++";
				CLANG_ENABLE_MODULES = YES;
				CLANG_ENABLE_OBJC_ARC = YES;
				CLANG_ENABLE_OBJC_WEAK = YES;
				CLANG_WARN_BLOCK_CAPTURE_AUTORELEASING = YES;
				CLANG_WARN_BOOL_CONVERSION = YES;
				CLANG_WARN_COMMA = YES;
				CLANG_WARN_CONSTANT_CONVERSION = YES;
				CLANG_WARN_DEPRECATED_OBJC_IMPLEMENTATIONS = YES;
				CLANG_WARN_DIRECT_OBJC_ISA_USAGE = YES_ERROR;
				CLANG_WARN_DOCUMENTATION_COMMENTS = YES;
				CLANG_WARN_EMPTY_BODY = YES;
				CLANG_WARN_ENUM_CONVERSION = YES;
				CLANG_WARN_INFINITE_RECURSION = YES;
				CLANG_WARN_INT_CONVERSION = YES;
				CLANG_WARN_NON_LITERAL_NULL_CONVERSION = YES;
				CLANG_WARN_OBJC_IMPLICIT_RETAIN_SELF = YES;
				CLANG_WARN_OBJC_LITERAL_CONVERSION = YES;
				CLANG_WARN_OBJC_ROOT_CLASS = YES_ERROR;
				CLANG_WARN_RANGE_LOOP_ANALYSIS = YES;
				CLANG_WARN_STRICT_PROTOTYPES = YES;
				CLANG_WARN_SUSPICIOUS_MOVE = YES;
				CLANG_WARN_UNGUARDED_AVAILABILITY = YES_AGGRESSIVE;
				CLANG_WARN_UNREACHABLE_CODE = YES;
				CLANG_WARN__DUPLICATE_METHOD_MATCH = YES;
				CODE_SIGN_IDENTITY = "iPhone Developer";
				COPY_PHASE_STRIP = NO;
				DEBUG_INFORMATION_FORMAT = dwarf;
				ENABLE_STRICT_OBJC_MSGSEND = YES;
				ENABLE_TESTABILITY = YES;
				GCC_C_LANGUAGE_STANDARD = gnu11;
				GCC_DYNAMIC_NO_PIC = NO;
				GCC_NO_COMMON_BLOCKS = YES;
				GCC_OPTIMIZATION_LEVEL = 0;
				GCC_PREPROCESSOR_DEFINITIONS = (
					"DEBUG=1",
					"$(inherited)",
				);
				GCC_WARN_64_TO_32_BIT_CONVERSION = YES;
				GCC_WARN_ABOUT_RETURN_TYPE = YES_ERROR;
				GCC_WARN_UNDECLARED_SELECTOR = YES;
				GCC_WARN_UNINITIALIZED_AUTOS = YES_AGGRESSIVE;
				GCC_WARN_UNUSED_FUNCTION = YES;
				GCC_WARN_UNUSED_VARIABLE = YES;
				IPHONEOS_DEPLOYMENT_TARGET = 12.0;
				MTL_ENABLE_DEBUG_INFO = INCLUDE_SOURCE;
				ONLY_ACTIVE_ARCH = YES;
				SDKROOT = iphoneos;
				SWIFT_ACTIVE_COMPILATION_CONDITIONS = DEBUG;
				SWIFT_OPTIMIZATION_LEVEL = "-Onone";
			};
			name = Debug;
		};
		4329E5C5212B36A600DF29AC /* Release */ = {
			isa = XCBuildConfiguration;
			buildSettings = {
				ALWAYS_SEARCH_USER_PATHS = NO;
				CLANG_ANALYZER_NONNULL = YES;
				CLANG_ANALYZER_NUMBER_OBJECT_CONVERSION = YES_AGGRESSIVE;
				CLANG_CXX_LANGUAGE_STANDARD = "gnu++14";
				CLANG_CXX_LIBRARY = "libc++";
				CLANG_ENABLE_MODULES = YES;
				CLANG_ENABLE_OBJC_ARC = YES;
				CLANG_ENABLE_OBJC_WEAK = YES;
				CLANG_WARN_BLOCK_CAPTURE_AUTORELEASING = YES;
				CLANG_WARN_BOOL_CONVERSION = YES;
				CLANG_WARN_COMMA = YES;
				CLANG_WARN_CONSTANT_CONVERSION = YES;
				CLANG_WARN_DEPRECATED_OBJC_IMPLEMENTATIONS = YES;
				CLANG_WARN_DIRECT_OBJC_ISA_USAGE = YES_ERROR;
				CLANG_WARN_DOCUMENTATION_COMMENTS = YES;
				CLANG_WARN_EMPTY_BODY = YES;
				CLANG_WARN_ENUM_CONVERSION = YES;
				CLANG_WARN_INFINITE_RECURSION = YES;
				CLANG_WARN_INT_CONVERSION = YES;
				CLANG_WARN_NON_LITERAL_NULL_CONVERSION = YES;
				CLANG_WARN_OBJC_IMPLICIT_RETAIN_SELF = YES;
				CLANG_WARN_OBJC_LITERAL_CONVERSION = YES;
				CLANG_WARN_OBJC_ROOT_CLASS = YES_ERROR;
				CLANG_WARN_RANGE_LOOP_ANALYSIS = YES;
				CLANG_WARN_STRICT_PROTOTYPES = YES;
				CLANG_WARN_SUSPICIOUS_MOVE = YES;
				CLANG_WARN_UNGUARDED_AVAILABILITY = YES_AGGRESSIVE;
				CLANG_WARN_UNREACHABLE_CODE = YES;
				CLANG_WARN__DUPLICATE_METHOD_MATCH = YES;
				CODE_SIGN_IDENTITY = "iPhone Developer";
				COPY_PHASE_STRIP = NO;
				DEBUG_INFORMATION_FORMAT = "dwarf-with-dsym";
				ENABLE_NS_ASSERTIONS = NO;
				ENABLE_STRICT_OBJC_MSGSEND = YES;
				GCC_C_LANGUAGE_STANDARD = gnu11;
				GCC_NO_COMMON_BLOCKS = YES;
				GCC_WARN_64_TO_32_BIT_CONVERSION = YES;
				GCC_WARN_ABOUT_RETURN_TYPE = YES_ERROR;
				GCC_WARN_UNDECLARED_SELECTOR = YES;
				GCC_WARN_UNINITIALIZED_AUTOS = YES_AGGRESSIVE;
				GCC_WARN_UNUSED_FUNCTION = YES;
				GCC_WARN_UNUSED_VARIABLE = YES;
				IPHONEOS_DEPLOYMENT_TARGET = 12.0;
				MTL_ENABLE_DEBUG_INFO = NO;
				SDKROOT = iphoneos;
				SWIFT_COMPILATION_MODE = wholemodule;
				SWIFT_OPTIMIZATION_LEVEL = "-O";
				VALIDATE_PRODUCT = YES;
			};
			name = Release;
		};
		4329E5C7212B36A600DF29AC /* Debug */ = {
			isa = XCBuildConfiguration;
			buildSettings = {
				ASSETCATALOG_COMPILER_APPICON_NAME = AppIcon;
				CODE_SIGN_STYLE = Automatic;
				DEVELOPMENT_TEAM = 8J7HZPMJ4B;
				INFOPLIST_FILE = Mandala/Info.plist;
				LD_RUNPATH_SEARCH_PATHS = (
					"$(inherited)",
					"@executable_path/Frameworks",
				);
				PRODUCT_BUNDLE_IDENTIFIER = com.dirkadin.Mandala;
				PRODUCT_NAME = "$(TARGET_NAME)";
				SWIFT_VERSION = 4.2;
				TARGETED_DEVICE_FAMILY = "1,2";
			};
			name = Debug;
		};
		4329E5C8212B36A600DF29AC /* Release */ = {
			isa = XCBuildConfiguration;
			buildSettings = {
				ASSETCATALOG_COMPILER_APPICON_NAME = AppIcon;
				CODE_SIGN_STYLE = Automatic;
				DEVELOPMENT_TEAM = 8J7HZPMJ4B;
				INFOPLIST_FILE = Mandala/Info.plist;
				LD_RUNPATH_SEARCH_PATHS = (
					"$(inherited)",
					"@executable_path/Frameworks",
				);
				PRODUCT_BUNDLE_IDENTIFIER = com.dirkadin.Mandala;
				PRODUCT_NAME = "$(TARGET_NAME)";
				SWIFT_VERSION = 4.2;
				TARGETED_DEVICE_FAMILY = "1,2";
			};
			name = Release;
		};
		4329E5CA212B36A600DF29AC /* Debug */ = {
			isa = XCBuildConfiguration;
			buildSettings = {
				ALWAYS_EMBED_SWIFT_STANDARD_LIBRARIES = YES;
				BUNDLE_LOADER = "$(TEST_HOST)";
				CODE_SIGN_STYLE = Automatic;
				DEVELOPMENT_TEAM = 8J7HZPMJ4B;
				INFOPLIST_FILE = MandalaTests/Info.plist;
				LD_RUNPATH_SEARCH_PATHS = (
					"$(inherited)",
					"@executable_path/Frameworks",
					"@loader_path/Frameworks",
				);
				PRODUCT_BUNDLE_IDENTIFIER = com.dirkadin.MandalaTests;
				PRODUCT_NAME = "$(TARGET_NAME)";
				SWIFT_VERSION = 4.2;
				TARGETED_DEVICE_FAMILY = "1,2";
				TEST_HOST = "$(BUILT_PRODUCTS_DIR)/Mandala.app/Mandala";
			};
			name = Debug;
		};
		4329E5CB212B36A600DF29AC /* Release */ = {
			isa = XCBuildConfiguration;
			buildSettings = {
				ALWAYS_EMBED_SWIFT_STANDARD_LIBRARIES = YES;
				BUNDLE_LOADER = "$(TEST_HOST)";
				CODE_SIGN_STYLE = Automatic;
				DEVELOPMENT_TEAM = 8J7HZPMJ4B;
				INFOPLIST_FILE = MandalaTests/Info.plist;
				LD_RUNPATH_SEARCH_PATHS = (
					"$(inherited)",
					"@executable_path/Frameworks",
					"@loader_path/Frameworks",
				);
				PRODUCT_BUNDLE_IDENTIFIER = com.dirkadin.MandalaTests;
				PRODUCT_NAME = "$(TARGET_NAME)";
				SWIFT_VERSION = 4.2;
				TARGETED_DEVICE_FAMILY = "1,2";
				TEST_HOST = "$(BUILT_PRODUCTS_DIR)/Mandala.app/Mandala";
			};
			name = Release;
		};
		4329E5CD212B36A600DF29AC /* Debug */ = {
			isa = XCBuildConfiguration;
			buildSettings = {
				ALWAYS_EMBED_SWIFT_STANDARD_LIBRARIES = YES;
				CODE_SIGN_STYLE = Automatic;
				DEVELOPMENT_TEAM = 8J7HZPMJ4B;
				INFOPLIST_FILE = MandalaUITests/Info.plist;
				LD_RUNPATH_SEARCH_PATHS = (
					"$(inherited)",
					"@executable_path/Frameworks",
					"@loader_path/Frameworks",
				);
				PRODUCT_BUNDLE_IDENTIFIER = com.dirkadin.MandalaUITests;
				PRODUCT_NAME = "$(TARGET_NAME)";
				SWIFT_VERSION = 4.2;
				TARGETED_DEVICE_FAMILY = "1,2";
				TEST_TARGET_NAME = Mandala;
			};
			name = Debug;
		};
		4329E5CE212B36A600DF29AC /* Release */ = {
			isa = XCBuildConfiguration;
			buildSettings = {
				ALWAYS_EMBED_SWIFT_STANDARD_LIBRARIES = YES;
				CODE_SIGN_STYLE = Automatic;
				DEVELOPMENT_TEAM = 8J7HZPMJ4B;
				INFOPLIST_FILE = MandalaUITests/Info.plist;
				LD_RUNPATH_SEARCH_PATHS = (
					"$(inherited)",
					"@executable_path/Frameworks",
					"@loader_path/Frameworks",
				);
				PRODUCT_BUNDLE_IDENTIFIER = com.dirkadin.MandalaUITests;
				PRODUCT_NAME = "$(TARGET_NAME)";
				SWIFT_VERSION = 4.2;
				TARGETED_DEVICE_FAMILY = "1,2";
				TEST_TARGET_NAME = Mandala;
			};
			name = Release;
		};
/* End XCBuildConfiguration section */

/* Begin XCConfigurationList section */
		4329E599212B36A400DF29AC /* Build configuration list for PBXProject "Mandala" */ = {
			isa = XCConfigurationList;
			buildConfigurations = (
				4329E5C4212B36A600DF29AC /* Debug */,
				4329E5C5212B36A600DF29AC /* Release */,
			);
			defaultConfigurationIsVisible = 0;
			defaultConfigurationName = Release;
		};
		4329E5C6212B36A600DF29AC /* Build configuration list for PBXNativeTarget "Mandala" */ = {
			isa = XCConfigurationList;
			buildConfigurations = (
				4329E5C7212B36A600DF29AC /* Debug */,
				4329E5C8212B36A600DF29AC /* Release */,
			);
			defaultConfigurationIsVisible = 0;
			defaultConfigurationName = Release;
		};
		4329E5C9212B36A600DF29AC /* Build configuration list for PBXNativeTarget "MandalaTests" */ = {
			isa = XCConfigurationList;
			buildConfigurations = (
				4329E5CA212B36A600DF29AC /* Debug */,
				4329E5CB212B36A600DF29AC /* Release */,
			);
			defaultConfigurationIsVisible = 0;
			defaultConfigurationName = Release;
		};
		4329E5CC212B36A600DF29AC /* Build configuration list for PBXNativeTarget "MandalaUITests" */ = {
			isa = XCConfigurationList;
			buildConfigurations = (
				4329E5CD212B36A600DF29AC /* Debug */,
				4329E5CE212B36A600DF29AC /* Release */,
			);
			defaultConfigurationIsVisible = 0;
			defaultConfigurationName = Release;
		};
/* End XCConfigurationList section */
	};
	rootObject = 4329E596212B36A400DF29AC /* Project object */;
}
